
Microsoft Visual Studio Solution File, Format Version 12.00
# Visual Studio Version 17
VisualStudioVersion = 17.0.31903.59
MinimumVisualStudioVersion = 10.0.40219.1
Project("{2150E333-8FDC-42A3-9474-1A3956D46DE8}") = "src", "src", "{3DE7BD21-8890-43AE-9AC0-3B5119D4B6BD}"
EndProject
Project("{FAE04EC0-301F-11D3-BF4B-00C04F79EFBC}") = "DDBSrcModel", "src\Sylvercode.DDBSrcModel\Sylvercode.DDBSrcModel.csproj", "{BB6467FD-228D-448C-8010-80151C9DFEAE}"
EndProject
Project("{2150E333-8FDC-42A3-9474-1A3956D46DE8}") = "tests", "tests", "{7DD327A8-8077-48C0-AB26-892B6BAC2D6B}"
EndProject
Project("{FAE04EC0-301F-11D3-BF4B-00C04F79EFBC}") = "Sylvercode.DDBSrcModel.Tests", "tests\Sylvercode.DDBSrcModel.Tests\Sylvercode.DDBSrcModel.Tests.csproj", "{C50523EF-4AA8-44B0-8D0E-F0CC4CEB50A9}"
EndProject
Global
	GlobalSection(SolutionConfigurationPlatforms) = preSolution
		Debug|Any CPU = Debug|Any CPU
		Release|Any CPU = Release|Any CPU
	EndGlobalSection
	GlobalSection(ProjectConfigurationPlatforms) = postSolution
		{BB6467FD-228D-448C-8010-80151C9DFEAE}.Debug|Any CPU.ActiveCfg = Debug|Any CPU
		{BB6467FD-228D-448C-8010-80151C9DFEAE}.Debug|Any CPU.Build.0 = Debug|Any CPU
		{BB6467FD-228D-448C-8010-80151C9DFEAE}.Release|Any CPU.ActiveCfg = Release|Any CPU
		{BB6467FD-228D-448C-8010-80151C9DFEAE}.Release|Any CPU.Build.0 = Release|Any CPU
		{C50523EF-4AA8-44B0-8D0E-F0CC4CEB50A9}.Debug|Any CPU.ActiveCfg = Debug|Any CPU
		{C50523EF-4AA8-44B0-8D0E-F0CC4CEB50A9}.Debug|Any CPU.Build.0 = Debug|Any CPU
		{C50523EF-4AA8-44B0-8D0E-F0CC4CEB50A9}.Release|Any CPU.ActiveCfg = Release|Any CPU
		{C50523EF-4AA8-44B0-8D0E-F0CC4CEB50A9}.Release|Any CPU.Build.0 = Release|Any CPU
	EndGlobalSection
	GlobalSection(SolutionProperties) = preSolution
		HideSolutionNode = FALSE
	EndGlobalSection
	GlobalSection(NestedProjects) = preSolution
		{BB6467FD-228D-448C-8010-80151C9DFEAE} = {3DE7BD21-8890-43AE-9AC0-3B5119D4B6BD}
		{C50523EF-4AA8-44B0-8D0E-F0CC4CEB50A9} = {7DD327A8-8077-48C0-AB26-892B6BAC2D6B}
	EndGlobalSection
EndGlobal
